
Microsoft Visual Studio Solution File, Format Version 12.00
# Visual Studio Version 17
VisualStudioVersion = 17.2.32526.322
MinimumVisualStudioVersion = 10.0.40219.1
Project("{9A19103F-16F7-4668-BE54-9A1E7A4F7556}") = "DataModels", "DataModels\DataModels.csproj", "{18F25112-24AE-454D-8E4E-AE6357D8A17E}"
EndProject
Project("{9A19103F-16F7-4668-BE54-9A1E7A4F7556}") = "Server", "Server\Server.csproj", "{546C5BC4-079A-4916-B322-02EA984F2519}"
EndProject
Project("{2150E333-8FDC-42A3-9474-1A3956D46DE8}") = "Solution Items", "Solution Items", "{798D10F5-9B01-4C65-8320-98B5379C83DF}"
	ProjectSection(SolutionItems) = preProject
		.gitignore = .gitignore
	EndProjectSection
EndProject
Global
	GlobalSection(SolutionConfigurationPlatforms) = preSolution
		Debug|Any CPU = Debug|Any CPU
		Release|Any CPU = Release|Any CPU
	EndGlobalSection
	GlobalSection(ProjectConfigurationPlatforms) = postSolution
		{18F25112-24AE-454D-8E4E-AE6357D8A17E}.Debug|Any CPU.ActiveCfg = Debug|Any CPU
		{18F25112-24AE-454D-8E4E-AE6357D8A17E}.Debug|Any CPU.Build.0 = Debug|Any CPU
		{18F25112-24AE-454D-8E4E-AE6357D8A17E}.Release|Any CPU.ActiveCfg = Release|Any CPU
		{18F25112-24AE-454D-8E4E-AE6357D8A17E}.Release|Any CPU.Build.0 = Release|Any CPU
		{546C5BC4-079A-4916-B322-02EA984F2519}.Debug|Any CPU.ActiveCfg = Debug|Any CPU
		{546C5BC4-079A-4916-B322-02EA984F2519}.Debug|Any CPU.Build.0 = Debug|Any CPU
		{546C5BC4-079A-4916-B322-02EA984F2519}.Release|Any CPU.ActiveCfg = Release|Any CPU
		{546C5BC4-079A-4916-B322-02EA984F2519}.Release|Any CPU.Build.0 = Release|Any CPU
	EndGlobalSection
	GlobalSection(SolutionProperties) = preSolution
		HideSolutionNode = FALSE
	EndGlobalSection
	GlobalSection(ExtensibilityGlobals) = postSolution
		SolutionGuid = {B2A3A459-AE0F-4A28-AA5B-441052BD58E5}
	EndGlobalSection
EndGlobal
